
Microsoft Visual Studio Solution File, Format Version 12.00
# Visual Studio Version 16
VisualStudioVersion = 16.0.36107.64
MinimumVisualStudioVersion = 10.0.40219.1
Project("{FAE04EC0-301F-11D3-BF4B-00C04F79EFBC}") = "ConnectionOriented", "ConnectionOriented.csproj", "{63C0A834-D78D-49BF-8485-E39BD34B011A}"
EndProject
Global
	GlobalSection(SolutionConfigurationPlatforms) = preSolution
		Debug|Any CPU = Debug|Any CPU
		Release|Any CPU = Release|Any CPU
	EndGlobalSection
	GlobalSection(ProjectConfigurationPlatforms) = postSolution
		{63C0A834-D78D-49BF-8485-E39BD34B011A}.Debug|Any CPU.ActiveCfg = Debug|Any CPU
		{63C0A834-D78D-49BF-8485-E39BD34B011A}.Debug|Any CPU.Build.0 = Debug|Any CPU
		{63C0A834-D78D-49BF-8485-E39BD34B011A}.Release|Any CPU.ActiveCfg = Release|Any CPU
		{63C0A834-D78D-49BF-8485-E39BD34B011A}.Release|Any CPU.Build.0 = Release|Any CPU
	EndGlobalSection
	GlobalSection(SolutionProperties) = preSolution
		HideSolutionNode = FALSE
	EndGlobalSection
	GlobalSection(ExtensibilityGlobals) = postSolution
		SolutionGuid = {4AC83608-92C4-4155-9A65-90B334A8C1DC}
	EndGlobalSection
EndGlobal
