
Microsoft Visual Studio Solution File, Format Version 12.00
# Visual Studio Version 16
VisualStudioVersion = 16.0.36107.64
MinimumVisualStudioVersion = 10.0.40219.1
Project("{FAE04EC0-301F-11D3-BF4B-00C04F79EFBC}") = "StoredProcedure", "StoredProcedure.csproj", "{98B64335-09E7-4B15-A415-1AA7ACD44AB6}"
EndProject
Global
	GlobalSection(SolutionConfigurationPlatforms) = preSolution
		Debug|Any CPU = Debug|Any CPU
		Release|Any CPU = Release|Any CPU
	EndGlobalSection
	GlobalSection(ProjectConfigurationPlatforms) = postSolution
		{98B64335-09E7-4B15-A415-1AA7ACD44AB6}.Debug|Any CPU.ActiveCfg = Debug|Any CPU
		{98B64335-09E7-4B15-A415-1AA7ACD44AB6}.Debug|Any CPU.Build.0 = Debug|Any CPU
		{98B64335-09E7-4B15-A415-1AA7ACD44AB6}.Release|Any CPU.ActiveCfg = Release|Any CPU
		{98B64335-09E7-4B15-A415-1AA7ACD44AB6}.Release|Any CPU.Build.0 = Release|Any CPU
	EndGlobalSection
	GlobalSection(SolutionProperties) = preSolution
		HideSolutionNode = FALSE
	EndGlobalSection
	GlobalSection(ExtensibilityGlobals) = postSolution
		SolutionGuid = {494BFC54-92B3-45B6-B99F-4C8BC746FD7E}
	EndGlobalSection
EndGlobal
