
Microsoft Visual Studio Solution File, Format Version 12.00
# Visual Studio Version 16
VisualStudioVersion = 16.0.36107.64
MinimumVisualStudioVersion = 10.0.40219.1
Project("{FAE04EC0-301F-11D3-BF4B-00C04F79EFBC}") = "13_WebService", "13_WebService.csproj", "{621CC505-BF8C-410A-9EE8-AD9881DF5353}"
EndProject
Global
	GlobalSection(SolutionConfigurationPlatforms) = preSolution
		Debug|Any CPU = Debug|Any CPU
		Release|Any CPU = Release|Any CPU
	EndGlobalSection
	GlobalSection(ProjectConfigurationPlatforms) = postSolution
		{621CC505-BF8C-410A-9EE8-AD9881DF5353}.Debug|Any CPU.ActiveCfg = Debug|Any CPU
		{621CC505-BF8C-410A-9EE8-AD9881DF5353}.Debug|Any CPU.Build.0 = Debug|Any CPU
		{621CC505-BF8C-410A-9EE8-AD9881DF5353}.Release|Any CPU.ActiveCfg = Release|Any CPU
		{621CC505-BF8C-410A-9EE8-AD9881DF5353}.Release|Any CPU.Build.0 = Release|Any CPU
	EndGlobalSection
	GlobalSection(SolutionProperties) = preSolution
		HideSolutionNode = FALSE
	EndGlobalSection
	GlobalSection(ExtensibilityGlobals) = postSolution
		SolutionGuid = {BE5974BA-515D-4615-AEC1-3068B2EE4CE6}
	EndGlobalSection
EndGlobal
