
Microsoft Visual Studio Solution File, Format Version 12.00
# Visual Studio Version 16
VisualStudioVersion = 16.0.36107.64
MinimumVisualStudioVersion = 10.0.40219.1
Project("{FAE04EC0-301F-11D3-BF4B-00C04F79EFBC}") = "ClientSM", "ClientSM.csproj", "{22CB3444-41E8-42B1-A90F-F8EDA7C10DCB}"
EndProject
Global
	GlobalSection(SolutionConfigurationPlatforms) = preSolution
		Debug|Any CPU = Debug|Any CPU
		Release|Any CPU = Release|Any CPU
	EndGlobalSection
	GlobalSection(ProjectConfigurationPlatforms) = postSolution
		{22CB3444-41E8-42B1-A90F-F8EDA7C10DCB}.Debug|Any CPU.ActiveCfg = Debug|Any CPU
		{22CB3444-41E8-42B1-A90F-F8EDA7C10DCB}.Debug|Any CPU.Build.0 = Debug|Any CPU
		{22CB3444-41E8-42B1-A90F-F8EDA7C10DCB}.Release|Any CPU.ActiveCfg = Release|Any CPU
		{22CB3444-41E8-42B1-A90F-F8EDA7C10DCB}.Release|Any CPU.Build.0 = Release|Any CPU
	EndGlobalSection
	GlobalSection(SolutionProperties) = preSolution
		HideSolutionNode = FALSE
	EndGlobalSection
	GlobalSection(ExtensibilityGlobals) = postSolution
		SolutionGuid = {2E51E518-291F-47E5-9B45-C7FF1A0EBCB8}
	EndGlobalSection
EndGlobal
